
Microsoft Visual Studio Solution File, Format Version 12.00
# Visual Studio Version 16
VisualStudioVersion = 16.0.31424.327
MinimumVisualStudioVersion = 10.0.40219.1
Project("{9A19103F-16F7-4668-BE54-9A1E7A4F7556}") = "CodeWars", "CodeWars\CodeWars.csproj", "{873159B8-D7A3-40C1-90CC-F3E9EFB8CC9F}"
EndProject
Project("{FAE04EC0-301F-11D3-BF4B-00C04F79EFBC}") = "CodeWarsTests", "CodeWarsTests\CodeWarsTests.csproj", "{F308F379-A167-40BA-B0BB-22D670AB8602}"
EndProject
Global
	GlobalSection(SolutionConfigurationPlatforms) = preSolution
		Debug|Any CPU = Debug|Any CPU
		Release|Any CPU = Release|Any CPU
	EndGlobalSection
	GlobalSection(ProjectConfigurationPlatforms) = postSolution
		{873159B8-D7A3-40C1-90CC-F3E9EFB8CC9F}.Debug|Any CPU.ActiveCfg = Debug|Any CPU
		{873159B8-D7A3-40C1-90CC-F3E9EFB8CC9F}.Debug|Any CPU.Build.0 = Debug|Any CPU
		{873159B8-D7A3-40C1-90CC-F3E9EFB8CC9F}.Release|Any CPU.ActiveCfg = Release|Any CPU
		{873159B8-D7A3-40C1-90CC-F3E9EFB8CC9F}.Release|Any CPU.Build.0 = Release|Any CPU
		{F308F379-A167-40BA-B0BB-22D670AB8602}.Debug|Any CPU.ActiveCfg = Debug|Any CPU
		{F308F379-A167-40BA-B0BB-22D670AB8602}.Debug|Any CPU.Build.0 = Debug|Any CPU
		{F308F379-A167-40BA-B0BB-22D670AB8602}.Release|Any CPU.ActiveCfg = Release|Any CPU
		{F308F379-A167-40BA-B0BB-22D670AB8602}.Release|Any CPU.Build.0 = Release|Any CPU
	EndGlobalSection
	GlobalSection(SolutionProperties) = preSolution
		HideSolutionNode = FALSE
	EndGlobalSection
	GlobalSection(ExtensibilityGlobals) = postSolution
		SolutionGuid = {ACA60FB7-8186-44C2-8CB8-7E0E71126FBC}
	EndGlobalSection
EndGlobal
